
Microsoft Visual Studio Solution File, Format Version 12.00
# Visual Studio 2012
Project("{FAE04EC0-301F-11D3-BF4B-00C04F79EFBC}") = "MinesweeperLib", "MinesweeperLib\MinesweeperLib.csproj", "{1EE3EDA6-7878-466A-BA4C-7C461F1233A9}"
EndProject
Project("{FAE04EC0-301F-11D3-BF4B-00C04F79EFBC}") = "MinesweeperTestLib", "MinesweeperTestLib\MinesweeperTestLib.csproj", "{67FF9BF0-7A36-46FA-BAC3-EB1A483A9C5B}"
EndProject
Project("{FAE04EC0-301F-11D3-BF4B-00C04F79EFBC}") = "MinesweeperUI", "MinesweeperUI\MinesweeperUI.csproj", "{16341EBD-83B7-410B-B8B5-AA87C4287FB7}"
EndProject
Global
	GlobalSection(SolutionConfigurationPlatforms) = preSolution
		Debug|Any CPU = Debug|Any CPU
		Release|Any CPU = Release|Any CPU
	EndGlobalSection
	GlobalSection(ProjectConfigurationPlatforms) = postSolution
		{1EE3EDA6-7878-466A-BA4C-7C461F1233A9}.Debug|Any CPU.ActiveCfg = Debug|Any CPU
		{1EE3EDA6-7878-466A-BA4C-7C461F1233A9}.Debug|Any CPU.Build.0 = Debug|Any CPU
		{1EE3EDA6-7878-466A-BA4C-7C461F1233A9}.Release|Any CPU.ActiveCfg = Release|Any CPU
		{1EE3EDA6-7878-466A-BA4C-7C461F1233A9}.Release|Any CPU.Build.0 = Release|Any CPU
		{67FF9BF0-7A36-46FA-BAC3-EB1A483A9C5B}.Debug|Any CPU.ActiveCfg = Debug|Any CPU
		{67FF9BF0-7A36-46FA-BAC3-EB1A483A9C5B}.Debug|Any CPU.Build.0 = Debug|Any CPU
		{67FF9BF0-7A36-46FA-BAC3-EB1A483A9C5B}.Release|Any CPU.ActiveCfg = Release|Any CPU
		{67FF9BF0-7A36-46FA-BAC3-EB1A483A9C5B}.Release|Any CPU.Build.0 = Release|Any CPU
		{16341EBD-83B7-410B-B8B5-AA87C4287FB7}.Debug|Any CPU.ActiveCfg = Debug|Any CPU
		{16341EBD-83B7-410B-B8B5-AA87C4287FB7}.Debug|Any CPU.Build.0 = Debug|Any CPU
		{16341EBD-83B7-410B-B8B5-AA87C4287FB7}.Release|Any CPU.ActiveCfg = Release|Any CPU
		{16341EBD-83B7-410B-B8B5-AA87C4287FB7}.Release|Any CPU.Build.0 = Release|Any CPU
	EndGlobalSection
	GlobalSection(SolutionProperties) = preSolution
		HideSolutionNode = FALSE
	EndGlobalSection
EndGlobal
